// !$*UTF8*$!
{
	archiveVersion = 1;
	classes = {
	};
	objectVersion = 50;
	objects = {

/* Begin PBXBuildFile section */
		DF37C14E26291EB40050C1FC /* AppDelegate.swift in Sources */ = {isa = PBXBuildFile; fileRef = DF37C14D26291EB40050C1FC /* AppDelegate.swift */; };
		DF37C15026291EB40050C1FC /* SceneDelegate.swift in Sources */ = {isa = PBXBuildFile; fileRef = DF37C14F26291EB40050C1FC /* SceneDelegate.swift */; };
		DF37C15226291EB40050C1FC /* ViewController.swift in Sources */ = {isa = PBXBuildFile; fileRef = DF37C15126291EB40050C1FC /* ViewController.swift */; };
		DF37C15526291EB40050C1FC /* Main.storyboard in Resources */ = {isa = PBXBuildFile; fileRef = DF37C15326291EB40050C1FC /* Main.storyboard */; };
		DF37C15826291EB40050C1FC /* Sound_Player.xcdatamodeld in Sources */ = {isa = PBXBuildFile; fileRef = DF37C15626291EB40050C1FC /* Sound_Player.xcdatamodeld */; };
		DF37C15A26291EC00050C1FC /* Assets.xcassets in Resources */ = {isa = PBXBuildFile; fileRef = DF37C15926291EC00050C1FC /* Assets.xcassets */; };
		DF37C15D26291EC00050C1FC /* LaunchScreen.storyboard in Resources */ = {isa = PBXBuildFile; fileRef = DF37C15B26291EC00050C1FC /* LaunchScreen.storyboard */; };
/* End PBXBuildFile section */

/* Begin PBXFileReference section */
		DF37C14A26291EB40050C1FC /* Sound Player.app */ = {isa = PBXFileReference; explicitFileType = wrapper.application; includeInIndex = 0; path = "Sound Player.app"; sourceTree = BUILT_PRODUCTS_DIR; };
		DF37C14D26291EB40050C1FC /* AppDelegate.swift */ = {isa = PBXFileReference; lastKnownFileType = sourcecode.swift; path = AppDelegate.swift; sourceTree = "<group>"; };
		DF37C14F26291EB40050C1FC /* SceneDelegate.swift */ = {isa = PBXFileReference; lastKnownFileType = sourcecode.swift; path = SceneDelegate.swift; sourceTree = "<group>"; };
		DF37C15126291EB40050C1FC /* ViewController.swift */ = {isa = PBXFileReference; lastKnownFileType = sourcecode.swift; path = ViewController.swift; sourceTree = "<group>"; };
		DF37C15426291EB40050C1FC /* Base */ = {isa = PBXFileReference; lastKnownFileType = file.storyboard; name = Base; path = Base.lproj/Main.storyboard; sourceTree = "<group>"; };
		DF37C15726291EB40050C1FC /* Sound_Player.xcdatamodel */ = {isa = PBXFileReference; lastKnownFileType = wrapper.xcdatamodel; path = Sound_Player.xcdatamodel; sourceTree = "<group>"; };
		DF37C15926291EC00050C1FC /* Assets.xcassets */ = {isa = PBXFileReference; lastKnownFileType = folder.assetcatalog; path = Assets.xcassets; sourceTree = "<group>"; };
		DF37C15C26291EC00050C1FC /* Base */ = {isa = PBXFileReference; lastKnownFileType = file.storyboard; name = Base; path = Base.lproj/LaunchScreen.storyboard; sourceTree = "<group>"; };
		DF37C15E26291EC00050C1FC /* Info.plist */ = {isa = PBXFileReference; lastKnownFileType = text.plist.xml; path = Info.plist; sourceTree = "<group>"; };
/* End PBXFileReference section */

/* Begin PBXFrameworksBuildPhase section */
		DF37C14726291EB40050C1FC /* Frameworks */ = {
			isa = PBXFrameworksBuildPhase;
			buildActionMask = 2147483647;
			files = (
			);
			runOnlyForDeploymentPostprocessing = 0;
		};
/* End PBXFrameworksBuildPhase section */

/* Begin PBXGroup section */
		DF37C14126291EB40050C1FC = {
			isa = PBXGroup;
			children = (
				DF37C14C26291EB40050C1FC /* Sound Player */,
				DF37C14B26291EB40050C1FC /* Products */,
			);
			sourceTree = "<group>";
		};
		DF37C14B26291EB40050C1FC /* Products */ = {
			isa = PBXGroup;
			children = (
				DF37C14A26291EB40050C1FC /* Sound Player.app */,
			);
			name = Products;
			sourceTree = "<group>";
		};
		DF37C14C26291EB40050C1FC /* Sound Player */ = {
			isa = PBXGroup;
			children = (
				DF37C14D26291EB40050C1FC /* AppDelegate.swift */,
				DF37C14F26291EB40050C1FC /* SceneDelegate.swift */,
				DF37C15126291EB40050C1FC /* ViewController.swift */,
				DF37C15326291EB40050C1FC /* Main.storyboard */,
				DF37C15926291EC00050C1FC /* Assets.xcassets */,
				DF37C15B26291EC00050C1FC /* LaunchScreen.storyboard */,
				DF37C15E26291EC00050C1FC /* Info.plist */,
				DF37C15626291EB40050C1FC /* Sound_Player.xcdatamodeld */,
			);
			path = "Sound Player";
			sourceTree = "<group>";
		};
/* End PBXGroup section */

/* Begin PBXNativeTarget section */
		DF37C14926291EB40050C1FC /* Sound Player */ = {
			isa = PBXNativeTarget;
			buildConfigurationList = DF37C16126291EC00050C1FC /* Build configuration list for PBXNativeTarget "Sound Player" */;
			buildPhases = (
				DF37C14626291EB40050C1FC /* Sources */,
				DF37C14726291EB40050C1FC /* Frameworks */,
				DF37C14826291EB40050C1FC /* Resources */,
			);
			buildRules = (
			);
			dependencies = (
			);
			name = "Sound Player";
			productName = "Sound Player";
			productReference = DF37C14A26291EB40050C1FC /* Sound Player.app */;
			productType = "com.apple.product-type.application";
		};
/* End PBXNativeTarget section */

/* Begin PBXProject section */
		DF37C14226291EB40050C1FC /* Project object */ = {
			isa = PBXProject;
			attributes = {
				LastSwiftUpdateCheck = 1240;
				LastUpgradeCheck = 1240;
				TargetAttributes = {
					DF37C14926291EB40050C1FC = {
						CreatedOnToolsVersion = 12.4;
					};
				};
			};
			buildConfigurationList = DF37C14526291EB40050C1FC /* Build configuration list for PBXProject "Sound Player" */;
			compatibilityVersion = "Xcode 9.3";
			developmentRegion = en;
			hasScannedForEncodings = 0;
			knownRegions = (
				en,
				Base,
			);
			mainGroup = DF37C14126291EB40050C1FC;
			productRefGroup = DF37C14B26291EB40050C1FC /* Products */;
			projectDirPath = "";
			projectRoot = "";
			targets = (
				DF37C14926291EB40050C1FC /* Sound Player */,
			);
		};
/* End PBXProject section */

/* Begin PBXResourcesBuildPhase section */
		DF37C14826291EB40050C1FC /* Resources */ = {
			isa = PBXResourcesBuildPhase;
			buildActionMask = 2147483647;
			files = (
				DF37C15D26291EC00050C1FC /* LaunchScreen.storyboard in Resources */,
				DF37C15A26291EC00050C1FC /* Assets.xcassets in Resources */,
				DF37C15526291EB40050C1FC /* Main.storyboard in Resources */,
			);
			runOnlyForDeploymentPostprocessing = 0;
		};
/* End PBXResourcesBuildPhase section */

/* Begin PBXSourcesBuildPhase section */
		DF37C14626291EB40050C1FC /* Sources */ = {
			isa = PBXSourcesBuildPhase;
			buildActionMask = 2147483647;
			files = (
				DF37C15226291EB40050C1FC /* ViewController.swift in Sources */,
				DF37C14E26291EB40050C1FC /* AppDelegate.swift in Sources */,
				DF37C15826291EB40050C1FC /* Sound_Player.xcdatamodeld in Sources */,
				DF37C15026291EB40050C1FC /* SceneDelegate.swift in Sources */,
			);
			runOnlyForDeploymentPostprocessing = 0;
		};
/* End PBXSourcesBuildPhase section */

/* Begin PBXVariantGroup section */
		DF37C15326291EB40050C1FC /* Main.storyboard */ = {
			isa = PBXVariantGroup;
			children = (
				DF37C15426291EB40050C1FC /* Base */,
			);
			name = Main.storyboard;
			sourceTree = "<group>";
		};
		DF37C15B26291EC00050C1FC /* LaunchScreen.storyboard */ = {
			isa = PBXVariantGroup;
			children = (
				DF37C15C26291EC00050C1FC /* Base */,
			);
			name = LaunchScreen.storyboard;
			sourceTree = "<group>";
		};
/* End PBXVariantGroup section */

/* Begin XCBuildConfiguration section */
		DF37C15F26291EC00050C1FC /* Debug */ = {
			isa = XCBuildConfiguration;
			buildSettings = {
				ALWAYS_SEARCH_USER_PATHS = NO;
				CLANG_ANALYZER_NONNULL = YES;
				CLANG_ANALYZER_NUMBER_OBJECT_CONVERSION = YES_AGGRESSIVE;
				CLANG_CXX_LANGUAGE_STANDARD = "gnu++14";
				CLANG_CXX_LIBRARY = "libc++";
				CLANG_ENABLE_MODULES = YES;
				CLANG_ENABLE_OBJC_ARC = YES;
				CLANG_ENABLE_OBJC_WEAK = YES;
				CLANG_WARN_BLOCK_CAPTURE_AUTORELEASING = YES;
				CLANG_WARN_BOOL_CONVERSION = YES;
				CLANG_WARN_COMMA = YES;
				CLANG_WARN_CONSTANT_CONVERSION = YES;
				CLANG_WARN_DEPRECATED_OBJC_IMPLEMENTATIONS = YES;
				CLANG_WARN_DIRECT_OBJC_ISA_USAGE = YES_ERROR;
				CLANG_WARN_DOCUMENTATION_COMMENTS = YES;
				CLANG_WARN_EMPTY_BODY = YES;
				CLANG_WARN_ENUM_CONVERSION = YES;
				CLANG_WARN_INFINITE_RECURSION = YES;
				CLANG_WARN_INT_CONVERSION = YES;
				CLANG_WARN_NON_LITERAL_NULL_CONVERSION = YES;
				CLANG_WARN_OBJC_IMPLICIT_RETAIN_SELF = YES;
				CLANG_WARN_OBJC_LITERAL_CONVERSION = YES;
				CLANG_WARN_OBJC_ROOT_CLASS = YES_ERROR;
				CLANG_WARN_QUOTED_INCLUDE_IN_FRAMEWORK_HEADER = YES;
				CLANG_WARN_RANGE_LOOP_ANALYSIS = YES;
				CLANG_WARN_STRICT_PROTOTYPES = YES;
				CLANG_WARN_SUSPICIOUS_MOVE = YES;
				CLANG_WARN_UNGUARDED_AVAILABILITY = YES_AGGRESSIVE;
				CLANG_WARN_UNREACHABLE_CODE = YES;
				CLANG_WARN__DUPLICATE_METHOD_MATCH = YES;
				COPY_PHASE_STRIP = NO;
				DEBUG_INFORMATION_FORMAT = dwarf;
				ENABLE_STRICT_OBJC_MSGSEND = YES;
				ENABLE_TESTABILITY = YES;
				GCC_C_LANGUAGE_STANDARD = gnu11;
				GCC_DYNAMIC_NO_PIC = NO;
				GCC_NO_COMMON_BLOCKS = YES;
				GCC_OPTIMIZATION_LEVEL = 0;
				GCC_PREPROCESSOR_DEFINITIONS = (
					"DEBUG=1",
					"$(inherited)",
				);
				GCC_WARN_64_TO_32_BIT_CONVERSION = YES;
				GCC_WARN_ABOUT_RETURN_TYPE = YES_ERROR;
				GCC_WARN_UNDECLARED_SELECTOR = YES;
				GCC_WARN_UNINITIALIZED_AUTOS = YES_AGGRESSIVE;
				GCC_WARN_UNUSED_FUNCTION = YES;
				GCC_WARN_UNUSED_VARIABLE = YES;
				IPHONEOS_DEPLOYMENT_TARGET = 14.4;
				MTL_ENABLE_DEBUG_INFO = INCLUDE_SOURCE;
				MTL_FAST_MATH = YES;
				ONLY_ACTIVE_ARCH = YES;
				SDKROOT = iphoneos;
				SWIFT_ACTIVE_COMPILATION_CONDITIONS = DEBUG;
				SWIFT_OPTIMIZATION_LEVEL = "-Onone";
			};
			name = Debug;
		};
		DF37C16026291EC00050C1FC /* Release */ = {
			isa = XCBuildConfiguration;
			buildSettings = {
				ALWAYS_SEARCH_USER_PATHS = NO;
				CLANG_ANALYZER_NONNULL = YES;
				CLANG_ANALYZER_NUMBER_OBJECT_CONVERSION = YES_AGGRESSIVE;
				CLANG_CXX_LANGUAGE_STANDARD = "gnu++14";
				CLANG_CXX_LIBRARY = "libc++";
				CLANG_ENABLE_MODULES = YES;
				CLANG_ENABLE_OBJC_ARC = YES;
				CLANG_ENABLE_OBJC_WEAK = YES;
				CLANG_WARN_BLOCK_CAPTURE_AUTORELEASING = YES;
				CLANG_WARN_BOOL_CONVERSION = YES;
				CLANG_WARN_COMMA = YES;
				CLANG_WARN_CONSTANT_CONVERSION = YES;
				CLANG_WARN_DEPRECATED_OBJC_IMPLEMENTATIONS = YES;
				CLANG_WARN_DIRECT_OBJC_ISA_USAGE = YES_ERROR;
				CLANG_WARN_DOCUMENTATION_COMMENTS = YES;
				CLANG_WARN_EMPTY_BODY = YES;
				CLANG_WARN_ENUM_CONVERSION = YES;
				CLANG_WARN_INFINITE_RECURSION = YES;
				CLANG_WARN_INT_CONVERSION = YES;
				CLANG_WARN_NON_LITERAL_NULL_CONVERSION = YES;
				CLANG_WARN_OBJC_IMPLICIT_RETAIN_SELF = YES;
				CLANG_WARN_OBJC_LITERAL_CONVERSION = YES;
				CLANG_WARN_OBJC_ROOT_CLASS = YES_ERROR;
				CLANG_WARN_QUOTED_INCLUDE_IN_FRAMEWORK_HEADER = YES;
				CLANG_WARN_RANGE_LOOP_ANALYSIS = YES;
				CLANG_WARN_STRICT_PROTOTYPES = YES;
				CLANG_WARN_SUSPICIOUS_MOVE = YES;
				CLANG_WARN_UNGUARDED_AVAILABILITY = YES_AGGRESSIVE;
				CLANG_WARN_UNREACHABLE_CODE = YES;
				CLANG_WARN__DUPLICATE_METHOD_MATCH = YES;
				COPY_PHASE_STRIP = NO;
				DEBUG_INFORMATION_FORMAT = "dwarf-with-dsym";
				ENABLE_NS_ASSERTIONS = NO;
				ENABLE_STRICT_OBJC_MSGSEND = YES;
				GCC_C_LANGUAGE_STANDARD = gnu11;
				GCC_NO_COMMON_BLOCKS = YES;
				GCC_WARN_64_TO_32_BIT_CONVERSION = YES;
				GCC_WARN_ABOUT_RETURN_TYPE = YES_ERROR;
				GCC_WARN_UNDECLARED_SELECTOR = YES;
				GCC_WARN_UNINITIALIZED_AUTOS = YES_AGGRESSIVE;
				GCC_WARN_UNUSED_FUNCTION = YES;
				GCC_WARN_UNUSED_VARIABLE = YES;
				IPHONEOS_DEPLOYMENT_TARGET = 14.4;
				MTL_ENABLE_DEBUG_INFO = NO;
				MTL_FAST_MATH = YES;
				SDKROOT = iphoneos;
				SWIFT_COMPILATION_MODE = wholemodule;
				SWIFT_OPTIMIZATION_LEVEL = "-O";
				VALIDATE_PRODUCT = YES;
			};
			name = Release;
		};
		DF37C16226291EC00050C1FC /* Debug */ = {
			isa = XCBuildConfiguration;
			buildSettings = {
				ASSETCATALOG_COMPILER_APPICON_NAME = AppIcon;
				ASSETCATALOG_COMPILER_GLOBAL_ACCENT_COLOR_NAME = AccentColor;
				CODE_SIGN_STYLE = Automatic;
				DEVELOPMENT_TEAM = 8C9UMVY9L4;
				INFOPLIST_FILE = "Sound Player/Info.plist";
				LD_RUNPATH_SEARCH_PATHS = (
					"$(inherited)",
					"@executable_path/Frameworks",
				);
				PRODUCT_BUNDLE_IDENTIFIER = "caio.teste.Sound-Player";
				PRODUCT_NAME = "$(TARGET_NAME)";
				SWIFT_VERSION = 5.0;
				TARGETED_DEVICE_FAMILY = "1,2";
			};
			name = Debug;
		};
		DF37C16326291EC00050C1FC /* Release */ = {
			isa = XCBuildConfiguration;
			buildSettings = {
				ASSETCATALOG_COMPILER_APPICON_NAME = AppIcon;
				ASSETCATALOG_COMPILER_GLOBAL_ACCENT_COLOR_NAME = AccentColor;
				CODE_SIGN_STYLE = Automatic;
				DEVELOPMENT_TEAM = 8C9UMVY9L4;
				INFOPLIST_FILE = "Sound Player/Info.plist";
				LD_RUNPATH_SEARCH_PATHS = (
					"$(inherited)",
					"@executable_path/Frameworks",
				);
				PRODUCT_BUNDLE_IDENTIFIER = "caio.teste.Sound-Player";
				PRODUCT_NAME = "$(TARGET_NAME)";
				SWIFT_VERSION = 5.0;
				TARGETED_DEVICE_FAMILY = "1,2";
			};
			name = Release;
		};
/* End XCBuildConfiguration section */

/* Begin XCConfigurationList section */
		DF37C14526291EB40050C1FC /* Build configuration list for PBXProject "Sound Player" */ = {
			isa = XCConfigurationList;
			buildConfigurations = (
				DF37C15F26291EC00050C1FC /* Debug */,
				DF37C16026291EC00050C1FC /* Release */,
			);
			defaultConfigurationIsVisible = 0;
			defaultConfigurationName = Release;
		};
		DF37C16126291EC00050C1FC /* Build configuration list for PBXNativeTarget "Sound Player" */ = {
			isa = XCConfigurationList;
			buildConfigurations = (
				DF37C16226291EC00050C1FC /* Debug */,
				DF37C16326291EC00050C1FC /* Release */,
			);
			defaultConfigurationIsVisible = 0;
			defaultConfigurationName = Release;
		};
/* End XCConfigurationList section */

/* Begin XCVersionGroup section */
		DF37C15626291EB40050C1FC /* Sound_Player.xcdatamodeld */ = {
			isa = XCVersionGroup;
			children = (
				DF37C15726291EB40050C1FC /* Sound_Player.xcdatamodel */,
			);
			currentVersion = DF37C15726291EB40050C1FC /* Sound_Player.xcdatamodel */;
			path = Sound_Player.xcdatamodeld;
			sourceTree = "<group>";
			versionGroupType = wrapper.xcdatamodel;
		};
/* End XCVersionGroup section */
	};
	rootObject = DF37C14226291EB40050C1FC /* Project object */;
}
